// !$*UTF8*$!
{
	archiveVersion = 1;
	classes = {
	};
	objectVersion = 50;
	objects = {

/* Begin PBXBuildFile section */
		48AFFD8068A220CAA02FC0B9 /* Pods_DemoCalcTests.framework in Frameworks */ = {isa = PBXBuildFile; fileRef = E7C5FCBE0C310A8CCB557A82 /* Pods_DemoCalcTests.framework */; };
		4ADE96877CEDF18B9BD7241E /* Pods_DemoCalc.framework in Frameworks */ = {isa = PBXBuildFile; fileRef = F029E8F7868BE8584499A64B /* Pods_DemoCalc.framework */; };
		8E6B14DD2208218700054818 /* AppDelegate.swift in Sources */ = {isa = PBXBuildFile; fileRef = 8E6B14DC2208218700054818 /* AppDelegate.swift */; };
		8E6B14DF2208218700054818 /* ViewController.swift in Sources */ = {isa = PBXBuildFile; fileRef = 8E6B14DE2208218700054818 /* ViewController.swift */; };
		8E6B14E22208218700054818 /* Main.storyboard in Resources */ = {isa = PBXBuildFile; fileRef = 8E6B14E02208218700054818 /* Main.storyboard */; };
		8E6B14E42208218900054818 /* Assets.xcassets in Resources */ = {isa = PBXBuildFile; fileRef = 8E6B14E32208218900054818 /* Assets.xcassets */; };
		8E6B14E72208218900054818 /* LaunchScreen.storyboard in Resources */ = {isa = PBXBuildFile; fileRef = 8E6B14E52208218900054818 /* LaunchScreen.storyboard */; };
		8E6B14F22208218A00054818 /* DemoCalcTests.swift in Sources */ = {isa = PBXBuildFile; fileRef = 8E6B14F12208218A00054818 /* DemoCalcTests.swift */; };
/* End PBXBuildFile section */

/* Begin PBXContainerItemProxy section */
		8E6B14EE2208218A00054818 /* PBXContainerItemProxy */ = {
			isa = PBXContainerItemProxy;
			containerPortal = 8E6B14D12208218700054818 /* Project object */;
			proxyType = 1;
			remoteGlobalIDString = 8E6B14D82208218700054818;
			remoteInfo = DemoCalc;
		};
/* End PBXContainerItemProxy section */

/* Begin PBXFileReference section */
		1E82EF6D90CFDAEBF2706395 /* Pods-DemoCalcTests.debug.xcconfig */ = {isa = PBXFileReference; includeInIndex = 1; lastKnownFileType = text.xcconfig; name = "Pods-DemoCalcTests.debug.xcconfig"; path = "Pods/Target Support Files/Pods-DemoCalcTests/Pods-DemoCalcTests.debug.xcconfig"; sourceTree = "<group>"; };
		1EE256F2F85CF5511ACB0811 /* Pods-DemoCalcTests.release.xcconfig */ = {isa = PBXFileReference; includeInIndex = 1; lastKnownFileType = text.xcconfig; name = "Pods-DemoCalcTests.release.xcconfig"; path = "Pods/Target Support Files/Pods-DemoCalcTests/Pods-DemoCalcTests.release.xcconfig"; sourceTree = "<group>"; };
		8E6B14D92208218700054818 /* DemoCalc.app */ = {isa = PBXFileReference; explicitFileType = wrapper.application; includeInIndex = 0; path = DemoCalc.app; sourceTree = BUILT_PRODUCTS_DIR; };
		8E6B14DC2208218700054818 /* AppDelegate.swift */ = {isa = PBXFileReference; lastKnownFileType = sourcecode.swift; path = AppDelegate.swift; sourceTree = "<group>"; };
		8E6B14DE2208218700054818 /* ViewController.swift */ = {isa = PBXFileReference; lastKnownFileType = sourcecode.swift; path = ViewController.swift; sourceTree = "<group>"; };
		8E6B14E12208218700054818 /* Base */ = {isa = PBXFileReference; lastKnownFileType = file.storyboard; name = Base; path = Base.lproj/Main.storyboard; sourceTree = "<group>"; };
		8E6B14E32208218900054818 /* Assets.xcassets */ = {isa = PBXFileReference; lastKnownFileType = folder.assetcatalog; path = Assets.xcassets; sourceTree = "<group>"; };
		8E6B14E62208218900054818 /* Base */ = {isa = PBXFileReference; lastKnownFileType = file.storyboard; name = Base; path = Base.lproj/LaunchScreen.storyboard; sourceTree = "<group>"; };
		8E6B14E82208218900054818 /* Info.plist */ = {isa = PBXFileReference; lastKnownFileType = text.plist.xml; path = Info.plist; sourceTree = "<group>"; };
		8E6B14ED2208218A00054818 /* DemoCalcTests.xctest */ = {isa = PBXFileReference; explicitFileType = wrapper.cfbundle; includeInIndex = 0; path = DemoCalcTests.xctest; sourceTree = BUILT_PRODUCTS_DIR; };
		8E6B14F12208218A00054818 /* DemoCalcTests.swift */ = {isa = PBXFileReference; lastKnownFileType = sourcecode.swift; path = DemoCalcTests.swift; sourceTree = "<group>"; };
		8E6B14F32208218A00054818 /* Info.plist */ = {isa = PBXFileReference; lastKnownFileType = text.plist.xml; path = Info.plist; sourceTree = "<group>"; };
		E7260C545608AAC385D97AFD /* Pods-DemoCalc.release.xcconfig */ = {isa = PBXFileReference; includeInIndex = 1; lastKnownFileType = text.xcconfig; name = "Pods-DemoCalc.release.xcconfig"; path = "Pods/Target Support Files/Pods-DemoCalc/Pods-DemoCalc.release.xcconfig"; sourceTree = "<group>"; };
		E7C5FCBE0C310A8CCB557A82 /* Pods_DemoCalcTests.framework */ = {isa = PBXFileReference; explicitFileType = wrapper.framework; includeInIndex = 0; path = Pods_DemoCalcTests.framework; sourceTree = BUILT_PRODUCTS_DIR; };
		F029E8F7868BE8584499A64B /* Pods_DemoCalc.framework */ = {isa = PBXFileReference; explicitFileType = wrapper.framework; includeInIndex = 0; path = Pods_DemoCalc.framework; sourceTree = BUILT_PRODUCTS_DIR; };
		F845F4E27DD75611A8F20F00 /* Pods-DemoCalc.debug.xcconfig */ = {isa = PBXFileReference; includeInIndex = 1; lastKnownFileType = text.xcconfig; name = "Pods-DemoCalc.debug.xcconfig"; path = "Pods/Target Support Files/Pods-DemoCalc/Pods-DemoCalc.debug.xcconfig"; sourceTree = "<group>"; };
/* End PBXFileReference section */

/* Begin PBXFrameworksBuildPhase section */
		8E6B14D62208218700054818 /* Frameworks */ = {
			isa = PBXFrameworksBuildPhase;
			buildActionMask = 2147483647;
			files = (
				4ADE96877CEDF18B9BD7241E /* Pods_DemoCalc.framework in Frameworks */,
			);
			runOnlyForDeploymentPostprocessing = 0;
		};
		8E6B14EA2208218A00054818 /* Frameworks */ = {
			isa = PBXFrameworksBuildPhase;
			buildActionMask = 2147483647;
			files = (
				48AFFD8068A220CAA02FC0B9 /* Pods_DemoCalcTests.framework in Frameworks */,
			);
			runOnlyForDeploymentPostprocessing = 0;
		};
/* End PBXFrameworksBuildPhase section */

/* Begin PBXGroup section */
		61C228607253B06AA937B443 /* Pods */ = {
			isa = PBXGroup;
			children = (
				F845F4E27DD75611A8F20F00 /* Pods-DemoCalc.debug.xcconfig */,
				E7260C545608AAC385D97AFD /* Pods-DemoCalc.release.xcconfig */,
				1E82EF6D90CFDAEBF2706395 /* Pods-DemoCalcTests.debug.xcconfig */,
				1EE256F2F85CF5511ACB0811 /* Pods-DemoCalcTests.release.xcconfig */,
			);
			name = Pods;
			sourceTree = "<group>";
		};
		8E6B14D02208218700054818 = {
			isa = PBXGroup;
			children = (
				8E6B14DB2208218700054818 /* DemoCalc */,
				8E6B14F02208218A00054818 /* DemoCalcTests */,
				8E6B14DA2208218700054818 /* Products */,
				61C228607253B06AA937B443 /* Pods */,
				F4557EEC5C4BB3ECF9544ED4 /* Frameworks */,
			);
			sourceTree = "<group>";
		};
		8E6B14DA2208218700054818 /* Products */ = {
			isa = PBXGroup;
			children = (
				8E6B14D92208218700054818 /* DemoCalc.app */,
				8E6B14ED2208218A00054818 /* DemoCalcTests.xctest */,
			);
			name = Products;
			sourceTree = "<group>";
		};
		8E6B14DB2208218700054818 /* DemoCalc */ = {
			isa = PBXGroup;
			children = (
				8E6B14DC2208218700054818 /* AppDelegate.swift */,
				8E6B14DE2208218700054818 /* ViewController.swift */,
				8E6B14E02208218700054818 /* Main.storyboard */,
				8E6B14E32208218900054818 /* Assets.xcassets */,
				8E6B14E52208218900054818 /* LaunchScreen.storyboard */,
				8E6B14E82208218900054818 /* Info.plist */,
			);
			path = DemoCalc;
			sourceTree = "<group>";
		};
		8E6B14F02208218A00054818 /* DemoCalcTests */ = {
			isa = PBXGroup;
			children = (
				8E6B14F12208218A00054818 /* DemoCalcTests.swift */,
				8E6B14F32208218A00054818 /* Info.plist */,
			);
			path = DemoCalcTests;
			sourceTree = "<group>";
		};
		F4557EEC5C4BB3ECF9544ED4 /* Frameworks */ = {
			isa = PBXGroup;
			children = (
				F029E8F7868BE8584499A64B /* Pods_DemoCalc.framework */,
				E7C5FCBE0C310A8CCB557A82 /* Pods_DemoCalcTests.framework */,
			);
			name = Frameworks;
			sourceTree = "<group>";
		};
/* End PBXGroup section */

/* Begin PBXNativeTarget section */
		8E6B14D82208218700054818 /* DemoCalc */ = {
			isa = PBXNativeTarget;
			buildConfigurationList = 8E6B14F62208218A00054818 /* Build configuration list for PBXNativeTarget "DemoCalc" */;
			buildPhases = (
				7B538AB720CB71D334AF7E07 /* [CP] Check Pods Manifest.lock */,
				8E6B14D52208218700054818 /* Sources */,
				8E6B14D62208218700054818 /* Frameworks */,
				8E6B14D72208218700054818 /* Resources */,
			);
			buildRules = (
			);
			dependencies = (
			);
			name = DemoCalc;
			productName = DemoCalc;
			productReference = 8E6B14D92208218700054818 /* DemoCalc.app */;
			productType = "com.apple.product-type.application";
		};
		8E6B14EC2208218A00054818 /* DemoCalcTests */ = {
			isa = PBXNativeTarget;
			buildConfigurationList = 8E6B14F92208218A00054818 /* Build configuration list for PBXNativeTarget "DemoCalcTests" */;
			buildPhases = (
				0A314423309F8510424FC856 /* [CP] Check Pods Manifest.lock */,
				8E6B14E92208218A00054818 /* Sources */,
				8E6B14EA2208218A00054818 /* Frameworks */,
				8E6B14EB2208218A00054818 /* Resources */,
			);
			buildRules = (
			);
			dependencies = (
				8E6B14EF2208218A00054818 /* PBXTargetDependency */,
			);
			name = DemoCalcTests;
			productName = DemoCalcTests;
			productReference = 8E6B14ED2208218A00054818 /* DemoCalcTests.xctest */;
			productType = "com.apple.product-type.bundle.unit-test";
		};
/* End PBXNativeTarget section */

/* Begin PBXProject section */
		8E6B14D12208218700054818 /* Project object */ = {
			isa = PBXProject;
			attributes = {
				LastSwiftUpdateCheck = 1010;
				LastUpgradeCheck = 1010;
				ORGANIZATIONNAME = KP;
				TargetAttributes = {
					8E6B14D82208218700054818 = {
						CreatedOnToolsVersion = 10.1;
					};
					8E6B14EC2208218A00054818 = {
						CreatedOnToolsVersion = 10.1;
						TestTargetID = 8E6B14D82208218700054818;
					};
				};
			};
			buildConfigurationList = 8E6B14D42208218700054818 /* Build configuration list for PBXProject "DemoCalc" */;
			compatibilityVersion = "Xcode 9.3";
			developmentRegion = en;
			hasScannedForEncodings = 0;
			knownRegions = (
				en,
				Base,
			);
			mainGroup = 8E6B14D02208218700054818;
			productRefGroup = 8E6B14DA2208218700054818 /* Products */;
			projectDirPath = "";
			projectRoot = "";
			targets = (
				8E6B14D82208218700054818 /* DemoCalc */,
				8E6B14EC2208218A00054818 /* DemoCalcTests */,
			);
		};
/* End PBXProject section */

/* Begin PBXResourcesBuildPhase section */
		8E6B14D72208218700054818 /* Resources */ = {
			isa = PBXResourcesBuildPhase;
			buildActionMask = 2147483647;
			files = (
				8E6B14E72208218900054818 /* LaunchScreen.storyboard in Resources */,
				8E6B14E42208218900054818 /* Assets.xcassets in Resources */,
				8E6B14E22208218700054818 /* Main.storyboard in Resources */,
			);
			runOnlyForDeploymentPostprocessing = 0;
		};
		8E6B14EB2208218A00054818 /* Resources */ = {
			isa = PBXResourcesBuildPhase;
			buildActionMask = 2147483647;
			files = (
			);
			runOnlyForDeploymentPostprocessing = 0;
		};
/* End PBXResourcesBuildPhase section */

/* Begin PBXShellScriptBuildPhase section */
		0A314423309F8510424FC856 /* [CP] Check Pods Manifest.lock */ = {
			isa = PBXShellScriptBuildPhase;
			buildActionMask = 2147483647;
			files = (
			);
			inputPaths = (
				"${PODS_PODFILE_DIR_PATH}/Podfile.lock",
				"${PODS_ROOT}/Manifest.lock",
			);
			name = "[CP] Check Pods Manifest.lock";
			outputPaths = (
				"$(DERIVED_FILE_DIR)/Pods-DemoCalcTests-checkManifestLockResult.txt",
			);
			runOnlyForDeploymentPostprocessing = 0;
			shellPath = /bin/sh;
			shellScript = "diff \"${PODS_PODFILE_DIR_PATH}/Podfile.lock\" \"${PODS_ROOT}/Manifest.lock\" > /dev/null\nif [ $? != 0 ] ; then\n    # print error to STDERR\n    echo \"error: The sandbox is not in sync with the Podfile.lock. Run 'pod install' or update your CocoaPods installation.\" >&2\n    exit 1\nfi\n# This output is used by Xcode 'outputs' to avoid re-running this script phase.\necho \"SUCCESS\" > \"${SCRIPT_OUTPUT_FILE_0}\"\n";
			showEnvVarsInLog = 0;
		};
		7B538AB720CB71D334AF7E07 /* [CP] Check Pods Manifest.lock */ = {
			isa = PBXShellScriptBuildPhase;
			buildActionMask = 2147483647;
			files = (
			);
			inputPaths = (
				"${PODS_PODFILE_DIR_PATH}/Podfile.lock",
				"${PODS_ROOT}/Manifest.lock",
			);
			name = "[CP] Check Pods Manifest.lock";
			outputPaths = (
				"$(DERIVED_FILE_DIR)/Pods-DemoCalc-checkManifestLockResult.txt",
			);
			runOnlyForDeploymentPostprocessing = 0;
			shellPath = /bin/sh;
			shellScript = "diff \"${PODS_PODFILE_DIR_PATH}/Podfile.lock\" \"${PODS_ROOT}/Manifest.lock\" > /dev/null\nif [ $? != 0 ] ; then\n    # print error to STDERR\n    echo \"error: The sandbox is not in sync with the Podfile.lock. Run 'pod install' or update your CocoaPods installation.\" >&2\n    exit 1\nfi\n# This output is used by Xcode 'outputs' to avoid re-running this script phase.\necho \"SUCCESS\" > \"${SCRIPT_OUTPUT_FILE_0}\"\n";
			showEnvVarsInLog = 0;
		};
/* End PBXShellScriptBuildPhase section */

/* Begin PBXSourcesBuildPhase section */
		8E6B14D52208218700054818 /* Sources */ = {
			isa = PBXSourcesBuildPhase;
			buildActionMask = 2147483647;
			files = (
				8E6B14DF2208218700054818 /* ViewController.swift in Sources */,
				8E6B14DD2208218700054818 /* AppDelegate.swift in Sources */,
			);
			runOnlyForDeploymentPostprocessing = 0;
		};
		8E6B14E92208218A00054818 /* Sources */ = {
			isa = PBXSourcesBuildPhase;
			buildActionMask = 2147483647;
			files = (
				8E6B14F22208218A00054818 /* DemoCalcTests.swift in Sources */,
			);
			runOnlyForDeploymentPostprocessing = 0;
		};
/* End PBXSourcesBuildPhase section */

/* Begin PBXTargetDependency section */
		8E6B14EF2208218A00054818 /* PBXTargetDependency */ = {
			isa = PBXTargetDependency;
			target = 8E6B14D82208218700054818 /* DemoCalc */;
			targetProxy = 8E6B14EE2208218A00054818 /* PBXContainerItemProxy */;
		};
/* End PBXTargetDependency section */

/* Begin PBXVariantGroup section */
		8E6B14E02208218700054818 /* Main.storyboard */ = {
			isa = PBXVariantGroup;
			children = (
				8E6B14E12208218700054818 /* Base */,
			);
			name = Main.storyboard;
			sourceTree = "<group>";
		};
		8E6B14E52208218900054818 /* LaunchScreen.storyboard */ = {
			isa = PBXVariantGroup;
			children = (
				8E6B14E62208218900054818 /* Base */,
			);
			name = LaunchScreen.storyboard;
			sourceTree = "<group>";
		};
/* End PBXVariantGroup section */

/* Begin XCBuildConfiguration section */
		8E6B14F42208218A00054818 /* Debug */ = {
			isa = XCBuildConfiguration;
			buildSettings = {
				ALWAYS_SEARCH_USER_PATHS = NO;
				CLANG_ANALYZER_NONNULL = YES;
				CLANG_ANALYZER_NUMBER_OBJECT_CONVERSION = YES_AGGRESSIVE;
				CLANG_CXX_LANGUAGE_STANDARD = "gnu++14";
				CLANG_CXX_LIBRARY = "libc++";
				CLANG_ENABLE_MODULES = YES;
				CLANG_ENABLE_OBJC_ARC = YES;
				CLANG_ENABLE_OBJC_WEAK = YES;
				CLANG_WARN_BLOCK_CAPTURE_AUTORELEASING = YES;
				CLANG_WARN_BOOL_CONVERSION = YES;
				CLANG_WARN_COMMA = YES;
				CLANG_WARN_CONSTANT_CONVERSION = YES;
				CLANG_WARN_DEPRECATED_OBJC_IMPLEMENTATIONS = YES;
				CLANG_WARN_DIRECT_OBJC_ISA_USAGE = YES_ERROR;
				CLANG_WARN_DOCUMENTATION_COMMENTS = YES;
				CLANG_WARN_EMPTY_BODY = YES;
				CLANG_WARN_ENUM_CONVERSION = YES;
				CLANG_WARN_INFINITE_RECURSION = YES;
				CLANG_WARN_INT_CONVERSION = YES;
				CLANG_WARN_NON_LITERAL_NULL_CONVERSION = YES;
				CLANG_WARN_OBJC_IMPLICIT_RETAIN_SELF = YES;
				CLANG_WARN_OBJC_LITERAL_CONVERSION = YES;
				CLANG_WARN_OBJC_ROOT_CLASS = YES_ERROR;
				CLANG_WARN_RANGE_LOOP_ANALYSIS = YES;
				CLANG_WARN_STRICT_PROTOTYPES = YES;
				CLANG_WARN_SUSPICIOUS_MOVE = YES;
				CLANG_WARN_UNGUARDED_AVAILABILITY = YES_AGGRESSIVE;
				CLANG_WARN_UNREACHABLE_CODE = YES;
				CLANG_WARN__DUPLICATE_METHOD_MATCH = YES;
				CODE_SIGN_IDENTITY = "iPhone Developer";
				COPY_PHASE_STRIP = NO;
				DEBUG_INFORMATION_FORMAT = dwarf;
				ENABLE_STRICT_OBJC_MSGSEND = YES;
				ENABLE_TESTABILITY = YES;
				GCC_C_LANGUAGE_STANDARD = gnu11;
				GCC_DYNAMIC_NO_PIC = NO;
				GCC_NO_COMMON_BLOCKS = YES;
				GCC_OPTIMIZATION_LEVEL = 0;
				GCC_PREPROCESSOR_DEFINITIONS = (
					"DEBUG=1",
					"$(inherited)",
				);
				GCC_WARN_64_TO_32_BIT_CONVERSION = YES;
				GCC_WARN_ABOUT_RETURN_TYPE = YES_ERROR;
				GCC_WARN_UNDECLARED_SELECTOR = YES;
				GCC_WARN_UNINITIALIZED_AUTOS = YES_AGGRESSIVE;
				GCC_WARN_UNUSED_FUNCTION = YES;
				GCC_WARN_UNUSED_VARIABLE = YES;
				IPHONEOS_DEPLOYMENT_TARGET = 12.1;
				MTL_ENABLE_DEBUG_INFO = INCLUDE_SOURCE;
				MTL_FAST_MATH = YES;
				ONLY_ACTIVE_ARCH = YES;
				SDKROOT = iphoneos;
				SWIFT_ACTIVE_COMPILATION_CONDITIONS = DEBUG;
				SWIFT_OPTIMIZATION_LEVEL = "-Onone";
			};
			name = Debug;
		};
		8E6B14F52208218A00054818 /* Release */ = {
			isa = XCBuildConfiguration;
			buildSettings = {
				ALWAYS_SEARCH_USER_PATHS = NO;
				CLANG_ANALYZER_NONNULL = YES;
				CLANG_ANALYZER_NUMBER_OBJECT_CONVERSION = YES_AGGRESSIVE;
				CLANG_CXX_LANGUAGE_STANDARD = "gnu++14";
				CLANG_CXX_LIBRARY = "libc++";
				CLANG_ENABLE_MODULES = YES;
				CLANG_ENABLE_OBJC_ARC = YES;
				CLANG_ENABLE_OBJC_WEAK = YES;
				CLANG_WARN_BLOCK_CAPTURE_AUTORELEASING = YES;
				CLANG_WARN_BOOL_CONVERSION = YES;
				CLANG_WARN_COMMA = YES;
				CLANG_WARN_CONSTANT_CONVERSION = YES;
				CLANG_WARN_DEPRECATED_OBJC_IMPLEMENTATIONS = YES;
				CLANG_WARN_DIRECT_OBJC_ISA_USAGE = YES_ERROR;
				CLANG_WARN_DOCUMENTATION_COMMENTS = YES;
				CLANG_WARN_EMPTY_BODY = YES;
				CLANG_WARN_ENUM_CONVERSION = YES;
				CLANG_WARN_INFINITE_RECURSION = YES;
				CLANG_WARN_INT_CONVERSION = YES;
				CLANG_WARN_NON_LITERAL_NULL_CONVERSION = YES;
				CLANG_WARN_OBJC_IMPLICIT_RETAIN_SELF = YES;
				CLANG_WARN_OBJC_LITERAL_CONVERSION = YES;
				CLANG_WARN_OBJC_ROOT_CLASS = YES_ERROR;
				CLANG_WARN_RANGE_LOOP_ANALYSIS = YES;
				CLANG_WARN_STRICT_PROTOTYPES = YES;
				CLANG_WARN_SUSPICIOUS_MOVE = YES;
				CLANG_WARN_UNGUARDED_AVAILABILITY = YES_AGGRESSIVE;
				CLANG_WARN_UNREACHABLE_CODE = YES;
				CLANG_WARN__DUPLICATE_METHOD_MATCH = YES;
				CODE_SIGN_IDENTITY = "iPhone Developer";
				COPY_PHASE_STRIP = NO;
				DEBUG_INFORMATION_FORMAT = "dwarf-with-dsym";
				ENABLE_NS_ASSERTIONS = NO;
				ENABLE_STRICT_OBJC_MSGSEND = YES;
				GCC_C_LANGUAGE_STANDARD = gnu11;
				GCC_NO_COMMON_BLOCKS = YES;
				GCC_WARN_64_TO_32_BIT_CONVERSION = YES;
				GCC_WARN_ABOUT_RETURN_TYPE = YES_ERROR;
				GCC_WARN_UNDECLARED_SELECTOR = YES;
				GCC_WARN_UNINITIALIZED_AUTOS = YES_AGGRESSIVE;
				GCC_WARN_UNUSED_FUNCTION = YES;
				GCC_WARN_UNUSED_VARIABLE = YES;
				IPHONEOS_DEPLOYMENT_TARGET = 12.1;
				MTL_ENABLE_DEBUG_INFO = NO;
				MTL_FAST_MATH = YES;
				SDKROOT = iphoneos;
				SWIFT_COMPILATION_MODE = wholemodule;
				SWIFT_OPTIMIZATION_LEVEL = "-O";
				VALIDATE_PRODUCT = YES;
			};
			name = Release;
		};
		8E6B14F72208218A00054818 /* Debug */ = {
			isa = XCBuildConfiguration;
			baseConfigurationReference = F845F4E27DD75611A8F20F00 /* Pods-DemoCalc.debug.xcconfig */;
			buildSettings = {
				ASSETCATALOG_COMPILER_APPICON_NAME = AppIcon;
				CODE_SIGN_STYLE = Automatic;
				DEVELOPMENT_TEAM = 6T6EE4X48F;
				INFOPLIST_FILE = DemoCalc/Info.plist;
				LD_RUNPATH_SEARCH_PATHS = (
					"$(inherited)",
					"@executable_path/Frameworks",
				);
				PRODUCT_BUNDLE_IDENTIFIER = com.kp.DemoCalc;
				PRODUCT_NAME = "$(TARGET_NAME)";
				SWIFT_VERSION = 4.2;
				TARGETED_DEVICE_FAMILY = "1,2";
			};
			name = Debug;
		};
		8E6B14F82208218A00054818 /* Release */ = {
			isa = XCBuildConfiguration;
			baseConfigurationReference = E7260C545608AAC385D97AFD /* Pods-DemoCalc.release.xcconfig */;
			buildSettings = {
				ASSETCATALOG_COMPILER_APPICON_NAME = AppIcon;
				CODE_SIGN_STYLE = Automatic;
				DEVELOPMENT_TEAM = 6T6EE4X48F;
				INFOPLIST_FILE = DemoCalc/Info.plist;
				LD_RUNPATH_SEARCH_PATHS = (
					"$(inherited)",
					"@executable_path/Frameworks",
				);
				PRODUCT_BUNDLE_IDENTIFIER = com.kp.DemoCalc;
				PRODUCT_NAME = "$(TARGET_NAME)";
				SWIFT_VERSION = 4.2;
				TARGETED_DEVICE_FAMILY = "1,2";
			};
			name = Release;
		};
		8E6B14FA2208218A00054818 /* Debug */ = {
			isa = XCBuildConfiguration;
			baseConfigurationReference = 1E82EF6D90CFDAEBF2706395 /* Pods-DemoCalcTests.debug.xcconfig */;
			buildSettings = {
				ALWAYS_EMBED_SWIFT_STANDARD_LIBRARIES = YES;
				BUNDLE_LOADER = "$(TEST_HOST)";
				CODE_SIGN_STYLE = Automatic;
				DEVELOPMENT_TEAM = 6T6EE4X48F;
				INFOPLIST_FILE = DemoCalcTests/Info.plist;
				LD_RUNPATH_SEARCH_PATHS = (
					"$(inherited)",
					"@executable_path/Frameworks",
					"@loader_path/Frameworks",
				);
				PRODUCT_BUNDLE_IDENTIFIER = com.kp.DemoCalcTests;
				PRODUCT_NAME = "$(TARGET_NAME)";
				SWIFT_VERSION = 4.2;
				TARGETED_DEVICE_FAMILY = "1,2";
				TEST_HOST = "$(BUILT_PRODUCTS_DIR)/DemoCalc.app/DemoCalc";
			};
			name = Debug;
		};
		8E6B14FB2208218A00054818 /* Release */ = {
			isa = XCBuildConfiguration;
			baseConfigurationReference = 1EE256F2F85CF5511ACB0811 /* Pods-DemoCalcTests.release.xcconfig */;
			buildSettings = {
				ALWAYS_EMBED_SWIFT_STANDARD_LIBRARIES = YES;
				BUNDLE_LOADER = "$(TEST_HOST)";
				CODE_SIGN_STYLE = Automatic;
				DEVELOPMENT_TEAM = 6T6EE4X48F;
				INFOPLIST_FILE = DemoCalcTests/Info.plist;
				LD_RUNPATH_SEARCH_PATHS = (
					"$(inherited)",
					"@executable_path/Frameworks",
					"@loader_path/Frameworks",
				);
				PRODUCT_BUNDLE_IDENTIFIER = com.kp.DemoCalcTests;
				PRODUCT_NAME = "$(TARGET_NAME)";
				SWIFT_VERSION = 4.2;
				TARGETED_DEVICE_FAMILY = "1,2";
				TEST_HOST = "$(BUILT_PRODUCTS_DIR)/DemoCalc.app/DemoCalc";
			};
			name = Release;
		};
/* End XCBuildConfiguration section */

/* Begin XCConfigurationList section */
		8E6B14D42208218700054818 /* Build configuration list for PBXProject "DemoCalc" */ = {
			isa = XCConfigurationList;
			buildConfigurations = (
				8E6B14F42208218A00054818 /* Debug */,
				8E6B14F52208218A00054818 /* Release */,
			);
			defaultConfigurationIsVisible = 0;
			defaultConfigurationName = Release;
		};
		8E6B14F62208218A00054818 /* Build configuration list for PBXNativeTarget "DemoCalc" */ = {
			isa = XCConfigurationList;
			buildConfigurations = (
				8E6B14F72208218A00054818 /* Debug */,
				8E6B14F82208218A00054818 /* Release */,
			);
			defaultConfigurationIsVisible = 0;
			defaultConfigurationName = Release;
		};
		8E6B14F92208218A00054818 /* Build configuration list for PBXNativeTarget "DemoCalcTests" */ = {
			isa = XCConfigurationList;
			buildConfigurations = (
				8E6B14FA2208218A00054818 /* Debug */,
				8E6B14FB2208218A00054818 /* Release */,
			);
			defaultConfigurationIsVisible = 0;
			defaultConfigurationName = Release;
		};
/* End XCConfigurationList section */
	};
	rootObject = 8E6B14D12208218700054818 /* Project object */;
}
